
Microsoft Visual Studio Solution File, Format Version 12.00
# Visual Studio Version 17
VisualStudioVersion = 17.1.31911.260
MinimumVisualStudioVersion = 10.0.40219.1
Project("{2150E333-8FDC-42A3-9474-1A3956D46DE8}") = "src", "src", "{A395AA61-C752-410E-AD37-1015A8398A2F}"
	ProjectSection(SolutionItems) = preProject
		src\Directory.Build.props = src\Directory.Build.props
	EndProjectSection
EndProject
Project("{2150E333-8FDC-42A3-9474-1A3956D46DE8}") = "test", "test", "{BC4330FE-DF00-4BFA-B9D9-D167626825BA}"
EndProject
Project("{9A19103F-16F7-4668-BE54-9A1E7A4F7556}") = "IGeekFan.AspNetCore.Identity.FreeSql", "src\IGeekFan.AspNetCore.Identity.FreeSql\IGeekFan.AspNetCore.Identity.FreeSql.csproj", "{337581CC-9966-462C-BB9F-25619B86CA6F}"
EndProject
Project("{2150E333-8FDC-42A3-9474-1A3956D46DE8}") = "Solution Items", "Solution Items", "{352AE823-4116-443B-9B3B-27EFF6633A7B}"
	ProjectSection(SolutionItems) = preProject
		.gitattributes = .gitattributes
		.gitignore = .gitignore
		Directory.Build.props = Directory.Build.props
		.github\workflows\docfx.yml = .github\workflows\docfx.yml
		.github\workflows\gitee-mirror.yml = .github\workflows\gitee-mirror.yml
		LICENSE = LICENSE
		NuGet.config = NuGet.config
		README.md = README.md
		tools\Resources.tt = tools\Resources.tt
	EndProjectSection
EndProject
Project("{9A19103F-16F7-4668-BE54-9A1E7A4F7556}") = "IGeekFan.FreeKit.Modularity", "src\IGeekFan.FreeKit.Modularity\IGeekFan.FreeKit.Modularity.csproj", "{11304600-B171-45F9-A454-3BECE884DBCA}"
EndProject
Project("{9A19103F-16F7-4668-BE54-9A1E7A4F7556}") = "IGeekFan.FreeKit.Extras", "src\IGeekFan.FreeKit.Extras\IGeekFan.FreeKit.Extras.csproj", "{5307E451-6BD2-4122-A08E-A479447C7DF8}"
EndProject
Project("{9A19103F-16F7-4668-BE54-9A1E7A4F7556}") = "IGeekFan.Localization.FreeSql", "src\IGeekFan.Localization.FreeSql\IGeekFan.Localization.FreeSql.csproj", "{AC8BC2FE-7BAD-4C76-92AC-1221DF207359}"
EndProject
Project("{9A19103F-16F7-4668-BE54-9A1E7A4F7556}") = "IGeekFan.FreeKit.Email", "src\IGeekFan.FreeKit.Email\IGeekFan.FreeKit.Email.csproj", "{DB34C3A8-F6C8-422C-AA28-51EDA913C4A8}"
EndProject
Project("{9A19103F-16F7-4668-BE54-9A1E7A4F7556}") = "IGeekFan.FreeKit", "src\IGeekFan.FreeKit\IGeekFan.FreeKit.csproj", "{C2F54A9B-BDF4-4690-B562-A47020034628}"
EndProject
Project("{9A19103F-16F7-4668-BE54-9A1E7A4F7556}") = "IGeekFan.FreeKit.xUnit", "test\IGeekFan.FreeKit.xUnit\IGeekFan.FreeKit.xUnit.csproj", "{D452D043-D25B-4821-ABAD-CDADBE69DBA3}"
EndProject
Project("{2150E333-8FDC-42A3-9474-1A3956D46DE8}") = "nupkg", "nupkg", "{230441A9-9628-4BE1-96BC-CCDFE5AE04EA}"
	ProjectSection(SolutionItems) = preProject
		nupkg\build-all-release.ps1 = nupkg\build-all-release.ps1
		nupkg\build-all.ps1 = nupkg\build-all.ps1
		nupkg\common.ps1 = nupkg\common.ps1
		nupkg\deploy.ps1 = nupkg\deploy.ps1
		nupkg\git-commit-tag.ps1 = nupkg\git-commit-tag.ps1
		nupkg\pack.ps1 = nupkg\pack.ps1
		nupkg\push_packages_baget.ps1 = nupkg\push_packages_baget.ps1
		nupkg\push_packages_github.ps1 = nupkg\push_packages_github.ps1
		nupkg\push_packages_nuget.ps1 = nupkg\push_packages_nuget.ps1
	EndProjectSection
EndProject
Project("{9A19103F-16F7-4668-BE54-9A1E7A4F7556}") = "IGeekFan.AspNetCore.Identity.FreeSql.Test", "test\IGeekFan.AspNetCore.Identity.FreeSql.Test\IGeekFan.AspNetCore.Identity.FreeSql.Test.csproj", "{C46067D3-B147-4C9B-824E-B303FB30DE7D}"
EndProject
Project("{9A19103F-16F7-4668-BE54-9A1E7A4F7556}") = "IGeekFan.AspNetCore.DataProtection.FreeSql", "src\IGeekFan.AspNetCore.DataProtection.FreeSql\IGeekFan.AspNetCore.DataProtection.FreeSql.csproj", "{4AA338A9-E4FF-47C8-BBE4-DB085DE95C1E}"
EndProject
Project("{9A19103F-16F7-4668-BE54-9A1E7A4F7556}") = "IGeekFan.Extensions.Diagnostics.HealthChecks.FreeSql", "src\IGeekFan.Extensions.Diagnostics.HealthChecks.FreeSql\IGeekFan.Extensions.Diagnostics.HealthChecks.FreeSql.csproj", "{26F7016C-FD7A-4C9E-9703-1CA707B9028A}"
EndProject
Project("{9A19103F-16F7-4668-BE54-9A1E7A4F7556}") = "IGeekFan.Extensions.Diagnostics.HealthChecks.FreeSql.Tests", "test\IGeekFan.Extensions.Diagnostics.HealthChecks.FreeSql.Tests\IGeekFan.Extensions.Diagnostics.HealthChecks.FreeSql.Tests.csproj", "{B2A29967-D00A-4150-914F-DB9B613CA916}"
EndProject
Project("{9A19103F-16F7-4668-BE54-9A1E7A4F7556}") = "IGeekFan.AspNetCore.DataProtection.FreeRedis", "src\IGeekFan.AspNetCore.DataProtection.FreeRedis\IGeekFan.AspNetCore.DataProtection.FreeRedis.csproj", "{4C16AB03-CCC4-4D2D-8991-30A95BB145A0}"
EndProject
Project("{9A19103F-16F7-4668-BE54-9A1E7A4F7556}") = "IGeekFan.AspNetCore.DataProtection.FreeSql.Tests", "test\IGeekFan.AspNetCore.DataProtection.FreeSql.Tests\IGeekFan.AspNetCore.DataProtection.FreeSql.Tests.csproj", "{6F11BAA1-EDB8-4610-9F4C-79529EFE6FF3}"
EndProject
Project("{2150E333-8FDC-42A3-9474-1A3956D46DE8}") = "AspNetCore", "AspNetCore", "{A8B6EBAA-6A08-43CB-96E5-9224DC8135E6}"
EndProject
Project("{2150E333-8FDC-42A3-9474-1A3956D46DE8}") = "OpenIddict", "OpenIddict", "{C10E29E0-CAF6-48F5-9DE1-D36028D802EE}"
EndProject
Project("{2150E333-8FDC-42A3-9474-1A3956D46DE8}") = "FreeKit", "FreeKit", "{4C4E5530-4C67-48C6-B321-FAB2F9E97B8A}"
EndProject
Project("{2150E333-8FDC-42A3-9474-1A3956D46DE8}") = "samples", "samples", "{F31E2108-8571-4214-8C4B-6CA7638C957D}"
EndProject
Project("{9A19103F-16F7-4668-BE54-9A1E7A4F7556}") = "IGeekFan.FreeKit.Web", "samples\IGeekFan.FreeKit.Web\IGeekFan.FreeKit.Web.csproj", "{51E596C1-6D18-4CD7-80CC-3371268445B9}"
EndProject
Project("{9A19103F-16F7-4668-BE54-9A1E7A4F7556}") = "Module1", "samples\Module1\Module1.csproj", "{8A7C9F84-8DBA-455B-9C85-7F007D8FCE6F}"
EndProject
Project("{9A19103F-16F7-4668-BE54-9A1E7A4F7556}") = "Module2", "samples\Module2\Module2.csproj", "{961E91FA-FB93-471F-A0A7-CF3BE4B8375D}"
EndProject
Project("{9A19103F-16F7-4668-BE54-9A1E7A4F7556}") = "Sample.Localization", "samples\Sample.Localization\Sample.Localization.csproj", "{1C6CA5D0-355A-42C0-A306-3CDEDF06AE87}"
EndProject
Project("{2150E333-8FDC-42A3-9474-1A3956D46DE8}") = "Extensions", "Extensions", "{12691CC0-63E1-4B58-87A0-69650C3DA759}"
EndProject
Global
	GlobalSection(SolutionConfigurationPlatforms) = preSolution
		Debug|Any CPU = Debug|Any CPU
		Release|Any CPU = Release|Any CPU
	EndGlobalSection
	GlobalSection(ProjectConfigurationPlatforms) = postSolution
		{337581CC-9966-462C-BB9F-25619B86CA6F}.Debug|Any CPU.ActiveCfg = Debug|Any CPU
		{337581CC-9966-462C-BB9F-25619B86CA6F}.Debug|Any CPU.Build.0 = Debug|Any CPU
		{337581CC-9966-462C-BB9F-25619B86CA6F}.Release|Any CPU.ActiveCfg = Release|Any CPU
		{337581CC-9966-462C-BB9F-25619B86CA6F}.Release|Any CPU.Build.0 = Release|Any CPU
		{11304600-B171-45F9-A454-3BECE884DBCA}.Debug|Any CPU.ActiveCfg = Debug|Any CPU
		{11304600-B171-45F9-A454-3BECE884DBCA}.Debug|Any CPU.Build.0 = Debug|Any CPU
		{11304600-B171-45F9-A454-3BECE884DBCA}.Release|Any CPU.ActiveCfg = Release|Any CPU
		{11304600-B171-45F9-A454-3BECE884DBCA}.Release|Any CPU.Build.0 = Release|Any CPU
		{5307E451-6BD2-4122-A08E-A479447C7DF8}.Debug|Any CPU.ActiveCfg = Debug|Any CPU
		{5307E451-6BD2-4122-A08E-A479447C7DF8}.Debug|Any CPU.Build.0 = Debug|Any CPU
		{5307E451-6BD2-4122-A08E-A479447C7DF8}.Release|Any CPU.ActiveCfg = Release|Any CPU
		{5307E451-6BD2-4122-A08E-A479447C7DF8}.Release|Any CPU.Build.0 = Release|Any CPU
		{AC8BC2FE-7BAD-4C76-92AC-1221DF207359}.Debug|Any CPU.ActiveCfg = Debug|Any CPU
		{AC8BC2FE-7BAD-4C76-92AC-1221DF207359}.Debug|Any CPU.Build.0 = Debug|Any CPU
		{AC8BC2FE-7BAD-4C76-92AC-1221DF207359}.Release|Any CPU.ActiveCfg = Release|Any CPU
		{AC8BC2FE-7BAD-4C76-92AC-1221DF207359}.Release|Any CPU.Build.0 = Release|Any CPU
		{DB34C3A8-F6C8-422C-AA28-51EDA913C4A8}.Debug|Any CPU.ActiveCfg = Debug|Any CPU
		{DB34C3A8-F6C8-422C-AA28-51EDA913C4A8}.Debug|Any CPU.Build.0 = Debug|Any CPU
		{DB34C3A8-F6C8-422C-AA28-51EDA913C4A8}.Release|Any CPU.ActiveCfg = Release|Any CPU
		{DB34C3A8-F6C8-422C-AA28-51EDA913C4A8}.Release|Any CPU.Build.0 = Release|Any CPU
		{C2F54A9B-BDF4-4690-B562-A47020034628}.Debug|Any CPU.ActiveCfg = Debug|Any CPU
		{C2F54A9B-BDF4-4690-B562-A47020034628}.Debug|Any CPU.Build.0 = Debug|Any CPU
		{C2F54A9B-BDF4-4690-B562-A47020034628}.Release|Any CPU.ActiveCfg = Release|Any CPU
		{C2F54A9B-BDF4-4690-B562-A47020034628}.Release|Any CPU.Build.0 = Release|Any CPU
		{D452D043-D25B-4821-ABAD-CDADBE69DBA3}.Debug|Any CPU.ActiveCfg = Debug|Any CPU
		{D452D043-D25B-4821-ABAD-CDADBE69DBA3}.Debug|Any CPU.Build.0 = Debug|Any CPU
		{D452D043-D25B-4821-ABAD-CDADBE69DBA3}.Release|Any CPU.ActiveCfg = Release|Any CPU
		{D452D043-D25B-4821-ABAD-CDADBE69DBA3}.Release|Any CPU.Build.0 = Release|Any CPU
		{C46067D3-B147-4C9B-824E-B303FB30DE7D}.Debug|Any CPU.ActiveCfg = Debug|Any CPU
		{C46067D3-B147-4C9B-824E-B303FB30DE7D}.Debug|Any CPU.Build.0 = Debug|Any CPU
		{C46067D3-B147-4C9B-824E-B303FB30DE7D}.Release|Any CPU.ActiveCfg = Release|Any CPU
		{C46067D3-B147-4C9B-824E-B303FB30DE7D}.Release|Any CPU.Build.0 = Release|Any CPU
		{4AA338A9-E4FF-47C8-BBE4-DB085DE95C1E}.Debug|Any CPU.ActiveCfg = Debug|Any CPU
		{4AA338A9-E4FF-47C8-BBE4-DB085DE95C1E}.Debug|Any CPU.Build.0 = Debug|Any CPU
		{4AA338A9-E4FF-47C8-BBE4-DB085DE95C1E}.Release|Any CPU.ActiveCfg = Release|Any CPU
		{4AA338A9-E4FF-47C8-BBE4-DB085DE95C1E}.Release|Any CPU.Build.0 = Release|Any CPU
		{26F7016C-FD7A-4C9E-9703-1CA707B9028A}.Debug|Any CPU.ActiveCfg = Debug|Any CPU
		{26F7016C-FD7A-4C9E-9703-1CA707B9028A}.Debug|Any CPU.Build.0 = Debug|Any CPU
		{26F7016C-FD7A-4C9E-9703-1CA707B9028A}.Release|Any CPU.ActiveCfg = Release|Any CPU
		{26F7016C-FD7A-4C9E-9703-1CA707B9028A}.Release|Any CPU.Build.0 = Release|Any CPU
		{B2A29967-D00A-4150-914F-DB9B613CA916}.Debug|Any CPU.ActiveCfg = Debug|Any CPU
		{B2A29967-D00A-4150-914F-DB9B613CA916}.Debug|Any CPU.Build.0 = Debug|Any CPU
		{B2A29967-D00A-4150-914F-DB9B613CA916}.Release|Any CPU.ActiveCfg = Release|Any CPU
		{B2A29967-D00A-4150-914F-DB9B613CA916}.Release|Any CPU.Build.0 = Release|Any CPU
		{4C16AB03-CCC4-4D2D-8991-30A95BB145A0}.Debug|Any CPU.ActiveCfg = Debug|Any CPU
		{4C16AB03-CCC4-4D2D-8991-30A95BB145A0}.Debug|Any CPU.Build.0 = Debug|Any CPU
		{4C16AB03-CCC4-4D2D-8991-30A95BB145A0}.Release|Any CPU.ActiveCfg = Release|Any CPU
		{4C16AB03-CCC4-4D2D-8991-30A95BB145A0}.Release|Any CPU.Build.0 = Release|Any CPU
		{6F11BAA1-EDB8-4610-9F4C-79529EFE6FF3}.Debug|Any CPU.ActiveCfg = Debug|Any CPU
		{6F11BAA1-EDB8-4610-9F4C-79529EFE6FF3}.Debug|Any CPU.Build.0 = Debug|Any CPU
		{6F11BAA1-EDB8-4610-9F4C-79529EFE6FF3}.Release|Any CPU.ActiveCfg = Release|Any CPU
		{6F11BAA1-EDB8-4610-9F4C-79529EFE6FF3}.Release|Any CPU.Build.0 = Release|Any CPU
		{51E596C1-6D18-4CD7-80CC-3371268445B9}.Debug|Any CPU.ActiveCfg = Debug|Any CPU
		{51E596C1-6D18-4CD7-80CC-3371268445B9}.Debug|Any CPU.Build.0 = Debug|Any CPU
		{51E596C1-6D18-4CD7-80CC-3371268445B9}.Release|Any CPU.ActiveCfg = Release|Any CPU
		{51E596C1-6D18-4CD7-80CC-3371268445B9}.Release|Any CPU.Build.0 = Release|Any CPU
		{8A7C9F84-8DBA-455B-9C85-7F007D8FCE6F}.Debug|Any CPU.ActiveCfg = Debug|Any CPU
		{8A7C9F84-8DBA-455B-9C85-7F007D8FCE6F}.Debug|Any CPU.Build.0 = Debug|Any CPU
		{8A7C9F84-8DBA-455B-9C85-7F007D8FCE6F}.Release|Any CPU.ActiveCfg = Release|Any CPU
		{8A7C9F84-8DBA-455B-9C85-7F007D8FCE6F}.Release|Any CPU.Build.0 = Release|Any CPU
		{961E91FA-FB93-471F-A0A7-CF3BE4B8375D}.Debug|Any CPU.ActiveCfg = Debug|Any CPU
		{961E91FA-FB93-471F-A0A7-CF3BE4B8375D}.Debug|Any CPU.Build.0 = Debug|Any CPU
		{961E91FA-FB93-471F-A0A7-CF3BE4B8375D}.Release|Any CPU.ActiveCfg = Release|Any CPU
		{961E91FA-FB93-471F-A0A7-CF3BE4B8375D}.Release|Any CPU.Build.0 = Release|Any CPU
		{1C6CA5D0-355A-42C0-A306-3CDEDF06AE87}.Debug|Any CPU.ActiveCfg = Debug|Any CPU
		{1C6CA5D0-355A-42C0-A306-3CDEDF06AE87}.Debug|Any CPU.Build.0 = Debug|Any CPU
		{1C6CA5D0-355A-42C0-A306-3CDEDF06AE87}.Release|Any CPU.ActiveCfg = Release|Any CPU
		{1C6CA5D0-355A-42C0-A306-3CDEDF06AE87}.Release|Any CPU.Build.0 = Release|Any CPU
	EndGlobalSection
	GlobalSection(SolutionProperties) = preSolution
		HideSolutionNode = FALSE
	EndGlobalSection
	GlobalSection(NestedProjects) = preSolution
		{337581CC-9966-462C-BB9F-25619B86CA6F} = {A8B6EBAA-6A08-43CB-96E5-9224DC8135E6}
		{11304600-B171-45F9-A454-3BECE884DBCA} = {4C4E5530-4C67-48C6-B321-FAB2F9E97B8A}
		{5307E451-6BD2-4122-A08E-A479447C7DF8} = {4C4E5530-4C67-48C6-B321-FAB2F9E97B8A}
		{AC8BC2FE-7BAD-4C76-92AC-1221DF207359} = {A395AA61-C752-410E-AD37-1015A8398A2F}
		{DB34C3A8-F6C8-422C-AA28-51EDA913C4A8} = {4C4E5530-4C67-48C6-B321-FAB2F9E97B8A}
		{C2F54A9B-BDF4-4690-B562-A47020034628} = {4C4E5530-4C67-48C6-B321-FAB2F9E97B8A}
		{D452D043-D25B-4821-ABAD-CDADBE69DBA3} = {BC4330FE-DF00-4BFA-B9D9-D167626825BA}
		{C46067D3-B147-4C9B-824E-B303FB30DE7D} = {BC4330FE-DF00-4BFA-B9D9-D167626825BA}
		{4AA338A9-E4FF-47C8-BBE4-DB085DE95C1E} = {A8B6EBAA-6A08-43CB-96E5-9224DC8135E6}
		{B2A29967-D00A-4150-914F-DB9B613CA916} = {BC4330FE-DF00-4BFA-B9D9-D167626825BA}
		{4C16AB03-CCC4-4D2D-8991-30A95BB145A0} = {A8B6EBAA-6A08-43CB-96E5-9224DC8135E6}
		{6F11BAA1-EDB8-4610-9F4C-79529EFE6FF3} = {BC4330FE-DF00-4BFA-B9D9-D167626825BA}
		{A8B6EBAA-6A08-43CB-96E5-9224DC8135E6} = {A395AA61-C752-410E-AD37-1015A8398A2F}
		{C10E29E0-CAF6-48F5-9DE1-D36028D802EE} = {A395AA61-C752-410E-AD37-1015A8398A2F}
		{4C4E5530-4C67-48C6-B321-FAB2F9E97B8A} = {A395AA61-C752-410E-AD37-1015A8398A2F}
		{51E596C1-6D18-4CD7-80CC-3371268445B9} = {F31E2108-8571-4214-8C4B-6CA7638C957D}
		{8A7C9F84-8DBA-455B-9C85-7F007D8FCE6F} = {F31E2108-8571-4214-8C4B-6CA7638C957D}
		{961E91FA-FB93-471F-A0A7-CF3BE4B8375D} = {F31E2108-8571-4214-8C4B-6CA7638C957D}
		{1C6CA5D0-355A-42C0-A306-3CDEDF06AE87} = {F31E2108-8571-4214-8C4B-6CA7638C957D}
		{12691CC0-63E1-4B58-87A0-69650C3DA759} = {A395AA61-C752-410E-AD37-1015A8398A2F}
		{26F7016C-FD7A-4C9E-9703-1CA707B9028A} = {12691CC0-63E1-4B58-87A0-69650C3DA759}
	EndGlobalSection
	GlobalSection(ExtensibilityGlobals) = postSolution
		SolutionGuid = {BDD736E4-F4F4-4523-B70A-C0E562D3CF57}
	EndGlobalSection
EndGlobal
