
Microsoft Visual Studio Solution File, Format Version 12.00
# Visual Studio Version 17
VisualStudioVersion = 17.1.31911.260
MinimumVisualStudioVersion = 10.0.40219.1
Project("{2150E333-8FDC-42A3-9474-1A3956D46DE8}") = "src", "src", "{A395AA61-C752-410E-AD37-1015A8398A2F}"
	ProjectSection(SolutionItems) = preProject
		src\Directory.Build.props = src\Directory.Build.props
	EndProjectSection
EndProject
Project("{2150E333-8FDC-42A3-9474-1A3956D46DE8}") = "test", "test", "{BC4330FE-DF00-4BFA-B9D9-D167626825BA}"
EndProject
Project("{2150E333-8FDC-42A3-9474-1A3956D46DE8}") = "samples", "samples", "{DF70C8BE-1933-45BB-9B6E-9F00380332A2}"
EndProject
Project("{2150E333-8FDC-42A3-9474-1A3956D46DE8}") = "Solution Items", "Solution Items", "{352AE823-4116-443B-9B3B-27EFF6633A7B}"
	ProjectSection(SolutionItems) = preProject
		.gitattributes = .gitattributes
		.gitignore = .gitignore
		Directory.Build.props = Directory.Build.props
		.github\workflows\docfx.yml = .github\workflows\docfx.yml
		.github\workflows\gitee-mirror.yml = .github\workflows\gitee-mirror.yml
		LICENSE = LICENSE
		NuGet.config = NuGet.config
		README.md = README.md
		tools\Resources.tt = tools\Resources.tt
	EndProjectSection
EndProject
Project("{2150E333-8FDC-42A3-9474-1A3956D46DE8}") = "nupkg", "nupkg", "{230441A9-9628-4BE1-96BC-CCDFE5AE04EA}"
	ProjectSection(SolutionItems) = preProject
		nupkg\build-all-release.ps1 = nupkg\build-all-release.ps1
		nupkg\build-all.ps1 = nupkg\build-all.ps1
		nupkg\common.ps1 = nupkg\common.ps1
		nupkg\deploy.ps1 = nupkg\deploy.ps1
		nupkg\git-commit-tag.ps1 = nupkg\git-commit-tag.ps1
		nupkg\pack.ps1 = nupkg\pack.ps1
		nupkg\push_packages_baget.ps1 = nupkg\push_packages_baget.ps1
		nupkg\push_packages_github.ps1 = nupkg\push_packages_github.ps1
		nupkg\push_packages_nuget.ps1 = nupkg\push_packages_nuget.ps1
	EndProjectSection
EndProject
Project("{2150E333-8FDC-42A3-9474-1A3956D46DE8}") = "OpenIddict", "OpenIddict", "{C10E29E0-CAF6-48F5-9DE1-D36028D802EE}"
EndProject
Project("{9A19103F-16F7-4668-BE54-9A1E7A4F7556}") = "IGeekFan.OpenIddict.FreeSql", "src\IGeekFan.OpenIddict.FreeSql\IGeekFan.OpenIddict.FreeSql.csproj", "{A828DEB8-E5D8-4EDA-8227-E70F931A134A}"
EndProject
Project("{9A19103F-16F7-4668-BE54-9A1E7A4F7556}") = "IGeekFan.OpenIddict.FreeSql.Models", "src\IGeekFan.OpenIddict.FreeSql.Models\IGeekFan.OpenIddict.FreeSql.Models.csproj", "{4BBBEEBF-4007-42E2-ACD2-77E180B557C5}"
EndProject
Global
	GlobalSection(SolutionConfigurationPlatforms) = preSolution
		Debug|Any CPU = Debug|Any CPU
		Release|Any CPU = Release|Any CPU
	EndGlobalSection
	GlobalSection(ProjectConfigurationPlatforms) = postSolution
		{A828DEB8-E5D8-4EDA-8227-E70F931A134A}.Debug|Any CPU.ActiveCfg = Debug|Any CPU
		{A828DEB8-E5D8-4EDA-8227-E70F931A134A}.Debug|Any CPU.Build.0 = Debug|Any CPU
		{A828DEB8-E5D8-4EDA-8227-E70F931A134A}.Release|Any CPU.ActiveCfg = Release|Any CPU
		{A828DEB8-E5D8-4EDA-8227-E70F931A134A}.Release|Any CPU.Build.0 = Release|Any CPU
		{4BBBEEBF-4007-42E2-ACD2-77E180B557C5}.Debug|Any CPU.ActiveCfg = Debug|Any CPU
		{4BBBEEBF-4007-42E2-ACD2-77E180B557C5}.Debug|Any CPU.Build.0 = Debug|Any CPU
		{4BBBEEBF-4007-42E2-ACD2-77E180B557C5}.Release|Any CPU.ActiveCfg = Release|Any CPU
		{4BBBEEBF-4007-42E2-ACD2-77E180B557C5}.Release|Any CPU.Build.0 = Release|Any CPU
	EndGlobalSection
	GlobalSection(SolutionProperties) = preSolution
		HideSolutionNode = FALSE
	EndGlobalSection
	GlobalSection(NestedProjects) = preSolution
		{BC4330FE-DF00-4BFA-B9D9-D167626825BA} = {A395AA61-C752-410E-AD37-1015A8398A2F}
		{C10E29E0-CAF6-48F5-9DE1-D36028D802EE} = {A395AA61-C752-410E-AD37-1015A8398A2F}
		{A828DEB8-E5D8-4EDA-8227-E70F931A134A} = {C10E29E0-CAF6-48F5-9DE1-D36028D802EE}
		{4BBBEEBF-4007-42E2-ACD2-77E180B557C5} = {C10E29E0-CAF6-48F5-9DE1-D36028D802EE}
	EndGlobalSection
	GlobalSection(ExtensibilityGlobals) = postSolution
		SolutionGuid = {BDD736E4-F4F4-4523-B70A-C0E562D3CF57}
	EndGlobalSection
EndGlobal
